
Microsoft Visual Studio Solution File, Format Version 12.00
# Visual Studio Version 18
VisualStudioVersion = 18.1.11304.174 d18.0
MinimumVisualStudioVersion = 10.0.40219.1
Project("{FAE04EC0-301F-11D3-BF4B-00C04F79EFBC}") = "RustPlus_Automation", "RustPlus.Automation\RustPlus_Automation.csproj", "{9C7ECADB-D68B-400C-9AF7-39041D604D4D}"
EndProject
Global
	GlobalSection(SolutionConfigurationPlatforms) = preSolution
		Debug|Any CPU = Debug|Any CPU
		Release|Any CPU = Release|Any CPU
	EndGlobalSection
	GlobalSection(ProjectConfigurationPlatforms) = postSolution
		{9C7ECADB-D68B-400C-9AF7-39041D604D4D}.Debug|Any CPU.ActiveCfg = Debug|Any CPU
		{9C7ECADB-D68B-400C-9AF7-39041D604D4D}.Debug|Any CPU.Build.0 = Debug|Any CPU
		{9C7ECADB-D68B-400C-9AF7-39041D604D4D}.Release|Any CPU.ActiveCfg = Release|Any CPU
		{9C7ECADB-D68B-400C-9AF7-39041D604D4D}.Release|Any CPU.Build.0 = Release|Any CPU
	EndGlobalSection
	GlobalSection(SolutionProperties) = preSolution
		HideSolutionNode = FALSE
	EndGlobalSection
	GlobalSection(ExtensibilityGlobals) = postSolution
		SolutionGuid = {4672C1F7-EC98-4B0D-8445-16AE73842D63}
	EndGlobalSection
EndGlobal
